// !$*UTF8*$!
{
	archiveVersion = 1;
	classes = {
	};
	objectVersion = 46;
	objects = {

/* Begin PBXFileReference section */
		96FDA23A177D1D5000A8D07E /* Sounds.py */ = {isa = PBXFileReference; fileEncoding = 4; lastKnownFileType = text.script.python; path = Sounds.py; sourceTree = "<group>"; xcLanguageSpecificationIdentifier = xcode.lang.python; };
		B714CA9B159504E400BD823F /* __init__.py */ = {isa = PBXFileReference; lastKnownFileType = text.script.python; path = __init__.py; sourceTree = "<group>"; };
		B714CA9E159504E400BD823F /* apollo.gif */ = {isa = PBXFileReference; lastKnownFileType = image.gif; path = apollo.gif; sourceTree = "<group>"; };
		B714CA9F159504E400BD823F /* explosion.gif */ = {isa = PBXFileReference; lastKnownFileType = image.gif; path = explosion.gif; sourceTree = "<group>"; };
		B714CAA0159504E400BD823F /* explosion.jpg */ = {isa = PBXFileReference; lastKnownFileType = image.jpeg; path = explosion.jpg; sourceTree = "<group>"; };
		B714CAA1159504E400BD823F /* explosion.png */ = {isa = PBXFileReference; lastKnownFileType = image.png; path = explosion.png; sourceTree = "<group>"; };
		B714CAA2159504E400BD823F /* friend.jpg */ = {isa = PBXFileReference; lastKnownFileType = image.jpeg; path = friend.jpg; sourceTree = "<group>"; };
		B714CAA3159504E400BD823F /* goodguy.png */ = {isa = PBXFileReference; lastKnownFileType = image.png; path = goodguy.png; sourceTree = "<group>"; };
		B714CAA4159504E400BD823F /* goodguy2.png */ = {isa = PBXFileReference; lastKnownFileType = image.png; path = goodguy2.png; sourceTree = "<group>"; };
		B714CAA5159504E400BD823F /* RAGE-Control.png */ = {isa = PBXFileReference; lastKnownFileType = image.png; path = "RAGE-Control.png"; sourceTree = "<group>"; };
		B714CAA6159504E400BD823F /* RAGE_title.png */ = {isa = PBXFileReference; lastKnownFileType = image.png; path = RAGE_title.png; sourceTree = "<group>"; };
		B714CAA7159504E400BD823F /* Space_ship_3_tnb.png */ = {isa = PBXFileReference; lastKnownFileType = image.png; path = Space_ship_3_tnb.png; sourceTree = "<group>"; };
		B714CAA8159504E400BD823F /* spaceship-drawing.gif */ = {isa = PBXFileReference; lastKnownFileType = image.gif; path = "spaceship-drawing.gif"; sourceTree = "<group>"; };
		B714CAA9159504E400BD823F /* star.jpg */ = {isa = PBXFileReference; lastKnownFileType = image.jpeg; path = star.jpg; sourceTree = "<group>"; };
		B714CAAA159504E400BD823F /* villian0.jpg */ = {isa = PBXFileReference; lastKnownFileType = image.jpeg; path = villian0.jpg; sourceTree = "<group>"; };
		B714CAAB159504E400BD823F /* Background.py */ = {isa = PBXFileReference; lastKnownFileType = text.script.python; path = Background.py; sourceTree = "<group>"; };
		B714CAAD159504E400BD823F /* Explosion.py */ = {isa = PBXFileReference; lastKnownFileType = text.script.python; path = Explosion.py; sourceTree = "<group>"; };
		B714CAAF159504E400BD823F /* Friends.py */ = {isa = PBXFileReference; lastKnownFileType = text.script.python; path = Friends.py; sourceTree = "<group>"; };
		B714CAB1159504E400BD823F /* HUD.py */ = {isa = PBXFileReference; lastKnownFileType = text.script.python; path = HUD.py; sourceTree = "<group>"; };
		B714CAB3159504E400BD823F /* HUD_M.py */ = {isa = PBXFileReference; lastKnownFileType = text.script.python; path = HUD_M.py; sourceTree = "<group>"; };
		B714CAB5159504E400BD823F /* HXMReceiver.py */ = {isa = PBXFileReference; lastKnownFileType = text.script.python; path = HXMReceiver.py; sourceTree = "<group>"; };
		B714CAB7159504E400BD823F /* HXMReceiver_M.py */ = {isa = PBXFileReference; lastKnownFileType = text.script.python; path = HXMReceiver_M.py; sourceTree = "<group>"; };
		B714CAB9159504E400BD823F /* IntroScreen.py */ = {isa = PBXFileReference; lastKnownFileType = text.script.python; path = IntroScreen.py; sourceTree = "<group>"; };
		B714CABB159504E400BD823F /* Microphone.py */ = {isa = PBXFileReference; lastKnownFileType = text.script.python; path = Microphone.py; sourceTree = "<group>"; };
		B714CABD159504E400BD823F /* Player.py */ = {isa = PBXFileReference; lastKnownFileType = text.script.python; path = Player.py; sourceTree = "<group>"; };
		B714CABF159504E400BD823F /* Player_M.py */ = {isa = PBXFileReference; lastKnownFileType = text.script.python; path = Player_M.py; sourceTree = "<group>"; };
		B714CAC1159504E400BD823F /* PlayerGun.py */ = {isa = PBXFileReference; lastKnownFileType = text.script.python; path = PlayerGun.py; sourceTree = "<group>"; };
		B714CAC3159504E400BD823F /* PlayerList.py */ = {isa = PBXFileReference; lastKnownFileType = text.script.python; path = PlayerList.py; sourceTree = "<group>"; };
		B714CAC5159504E400BD823F /* Sprite.py */ = {isa = PBXFileReference; lastKnownFileType = text.script.python; path = Sprite.py; sourceTree = "<group>"; };
		B714CAC7159504E400BD823F /* Villians.py */ = {isa = PBXFileReference; lastKnownFileType = text.script.python; path = Villians.py; sourceTree = "<group>"; };
		B714CACA1595050D00BD823F /* game0.py */ = {isa = PBXFileReference; lastKnownFileType = text.script.python; path = game0.py; sourceTree = "<group>"; };
		B714CACB1595050D00BD823F /* game1.py */ = {isa = PBXFileReference; lastKnownFileType = text.script.python; path = game1.py; sourceTree = "<group>"; };
		B714CACC1595058D00BD823F /* __main__.py */ = {isa = PBXFileReference; fileEncoding = 4; lastKnownFileType = text.script.python; path = __main__.py; sourceTree = "<group>"; };
		B79F5F8C16A97EC600531A45 /* meteor.png */ = {isa = PBXFileReference; lastKnownFileType = image.png; path = meteor.png; sourceTree = "<group>"; };
/* End PBXFileReference section */

/* Begin PBXGroup section */
		B714CA9A159504E400BD823F /* RAGE */ = {
			isa = PBXGroup;
			children = (
				B714CA9B159504E400BD823F /* __init__.py */,
				B714CA9D159504E400BD823F /* art */,
				B714CAAB159504E400BD823F /* Background.py */,
				B714CAAD159504E400BD823F /* Explosion.py */,
				B714CAAF159504E400BD823F /* Friends.py */,
				B714CAB1159504E400BD823F /* HUD.py */,
				B714CAB3159504E400BD823F /* HUD_M.py */,
				B714CAB5159504E400BD823F /* HXMReceiver.py */,
				B714CAB7159504E400BD823F /* HXMReceiver_M.py */,
				B714CAB9159504E400BD823F /* IntroScreen.py */,
				B714CABB159504E400BD823F /* Microphone.py */,
				B714CABD159504E400BD823F /* Player.py */,
				B714CABF159504E400BD823F /* Player_M.py */,
				B714CAC1159504E400BD823F /* PlayerGun.py */,
				B714CAC3159504E400BD823F /* PlayerList.py */,
				B714CAC5159504E400BD823F /* Sprite.py */,
				B714CAC7159504E400BD823F /* Villians.py */,
				96FDA23A177D1D5000A8D07E /* Sounds.py */,
			);
			path = RAGE;
			sourceTree = "<group>";
		};
		B714CA9D159504E400BD823F /* art */ = {
			isa = PBXGroup;
			children = (
				B714CA9E159504E400BD823F /* apollo.gif */,
				B79F5F8C16A97EC600531A45 /* meteor.png */,
				B714CA9F159504E400BD823F /* explosion.gif */,
				B714CAA0159504E400BD823F /* explosion.jpg */,
				B714CAA1159504E400BD823F /* explosion.png */,
				B714CAA2159504E400BD823F /* friend.jpg */,
				B714CAA3159504E400BD823F /* goodguy.png */,
				B714CAA4159504E400BD823F /* goodguy2.png */,
				B714CAA5159504E400BD823F /* RAGE-Control.png */,
				B714CAA6159504E400BD823F /* RAGE_title.png */,
				B714CAA7159504E400BD823F /* Space_ship_3_tnb.png */,
				B714CAA8159504E400BD823F /* spaceship-drawing.gif */,
				B714CAA9159504E400BD823F /* star.jpg */,
				B714CAAA159504E400BD823F /* villian0.jpg */,
			);
			path = art;
			sourceTree = "<group>";
		};
		B79A9092157580E800FDA7EF = {
			isa = PBXGroup;
			children = (
				B714CACC1595058D00BD823F /* __main__.py */,
				B714CACA1595050D00BD823F /* game0.py */,
				B714CACB1595050D00BD823F /* game1.py */,
				B714CA9A159504E400BD823F /* RAGE */,
			);
			sourceTree = "<group>";
		};
/* End PBXGroup section */

/* Begin PBXLegacyTarget section */
		B79A9099157580E900FDA7EF /* RAGE-Control */ = {
			isa = PBXLegacyTarget;
			buildArgumentsString = "$(ACTION)";
			buildConfigurationList = B79A909C157580EA00FDA7EF /* Build configuration list for PBXLegacyTarget "RAGE-Control" */;
			buildPhases = (
			);
			buildToolPath = /usr/bin/python;
			dependencies = (
			);
			name = "RAGE-Control";
			passBuildSettingsInEnvironment = 1;
			productName = "RAGE-Control";
		};
/* End PBXLegacyTarget section */

/* Begin PBXProject section */
		B79A9094157580E800FDA7EF /* Project object */ = {
			isa = PBXProject;
			attributes = {
				LastUpgradeCheck = 0430;
				ORGANIZATIONNAME = "Children's Hospital Boston";
			};
			buildConfigurationList = B79A9097157580E800FDA7EF /* Build configuration list for PBXProject "RAGE-Control" */;
			compatibilityVersion = "Xcode 3.2";
			developmentRegion = English;
			hasScannedForEncodings = 0;
			knownRegions = (
				en,
			);
			mainGroup = B79A9092157580E800FDA7EF;
			projectDirPath = "";
			projectRoot = "";
			targets = (
				B79A9099157580E900FDA7EF /* RAGE-Control */,
			);
		};
/* End PBXProject section */

/* Begin XCBuildConfiguration section */
		B79A909A157580EA00FDA7EF /* Debug */ = {
			isa = XCBuildConfiguration;
			buildSettings = {
				ALWAYS_SEARCH_USER_PATHS = NO;
				ARCHS = "$(ARCHS_STANDARD_64_BIT)";
				COPY_PHASE_STRIP = NO;
				GCC_C_LANGUAGE_STANDARD = gnu99;
				GCC_DYNAMIC_NO_PIC = NO;
				GCC_ENABLE_OBJC_EXCEPTIONS = YES;
				GCC_OPTIMIZATION_LEVEL = 0;
				GCC_PREPROCESSOR_DEFINITIONS = (
					"DEBUG=1",
					"$(inherited)",
				);
				GCC_SYMBOLS_PRIVATE_EXTERN = NO;
				GCC_VERSION = com.apple.compilers.llvm.clang.1_0;
				GCC_WARN_64_TO_32_BIT_CONVERSION = YES;
				GCC_WARN_ABOUT_RETURN_TYPE = YES;
				GCC_WARN_UNINITIALIZED_AUTOS = YES;
				GCC_WARN_UNUSED_VARIABLE = YES;
				MACOSX_DEPLOYMENT_TARGET = 10.7;
				ONLY_ACTIVE_ARCH = YES;
				SDKROOT = macosx;
			};
			name = Debug;
		};
		B79A909B157580EA00FDA7EF /* Release */ = {
			isa = XCBuildConfiguration;
			buildSettings = {
				ALWAYS_SEARCH_USER_PATHS = NO;
				ARCHS = "$(ARCHS_STANDARD_64_BIT)";
				COPY_PHASE_STRIP = YES;
				DEBUG_INFORMATION_FORMAT = "dwarf-with-dsym";
				GCC_C_LANGUAGE_STANDARD = gnu99;
				GCC_ENABLE_OBJC_EXCEPTIONS = YES;
				GCC_VERSION = com.apple.compilers.llvm.clang.1_0;
				GCC_WARN_64_TO_32_BIT_CONVERSION = YES;
				GCC_WARN_ABOUT_RETURN_TYPE = YES;
				GCC_WARN_UNINITIALIZED_AUTOS = YES;
				GCC_WARN_UNUSED_VARIABLE = YES;
				MACOSX_DEPLOYMENT_TARGET = 10.7;
				SDKROOT = macosx;
			};
			name = Release;
		};
		B79A909D157580EA00FDA7EF /* Debug */ = {
			isa = XCBuildConfiguration;
			buildSettings = {
				DEBUGGING_SYMBOLS = YES;
				GCC_GENERATE_DEBUGGING_SYMBOLS = YES;
				GCC_OPTIMIZATION_LEVEL = 0;
				OTHER_CFLAGS = "";
				OTHER_LDFLAGS = "";
				PRODUCT_NAME = "$(TARGET_NAME)";
			};
			name = Debug;
		};
		B79A909E157580EA00FDA7EF /* Release */ = {
			isa = XCBuildConfiguration;
			buildSettings = {
				OTHER_CFLAGS = "";
				OTHER_LDFLAGS = "";
				PRODUCT_NAME = "$(TARGET_NAME)";
			};
			name = Release;
		};
/* End XCBuildConfiguration section */

/* Begin XCConfigurationList section */
		B79A9097157580E800FDA7EF /* Build configuration list for PBXProject "RAGE-Control" */ = {
			isa = XCConfigurationList;
			buildConfigurations = (
				B79A909A157580EA00FDA7EF /* Debug */,
				B79A909B157580EA00FDA7EF /* Release */,
			);
			defaultConfigurationIsVisible = 0;
			defaultConfigurationName = Release;
		};
		B79A909C157580EA00FDA7EF /* Build configuration list for PBXLegacyTarget "RAGE-Control" */ = {
			isa = XCConfigurationList;
			buildConfigurations = (
				B79A909D157580EA00FDA7EF /* Debug */,
				B79A909E157580EA00FDA7EF /* Release */,
			);
			defaultConfigurationIsVisible = 0;
			defaultConfigurationName = Release;
		};
/* End XCConfigurationList section */
	};
	rootObject = B79A9094157580E800FDA7EF /* Project object */;
}
